version: 6
environments:
  default:
    channels:
    - url: https://conda.anaconda.org/conda-forge/
    packages:
      linux-64:
      - conda: https://conda.anaconda.org/conda-forge/linux-64/_libgcc_mutex-0.1-conda_forge.tar.bz2
      - conda: https://conda.anaconda.org/conda-forge/linux-64/_openmp_mutex-4.5-2_gnu.tar.bz2
      - conda: https://conda.anaconda.org/conda-forge/noarch/ca-certificates-2025.8.3-hbd8a1cb_0.conda
      - conda: https://conda.anaconda.org/conda-forge/linux-64/dart-sass-1.59.1-ha770c72_0.conda
      - conda: https://conda.anaconda.org/conda-forge/linux-64/deno-1.46.3-hcab8b69_0.conda
      - conda: https://conda.anaconda.org/conda-forge/linux-64/deno-dom-0.1.41-h4768de7_0.conda
      - conda: https://conda.anaconda.org/conda-forge/linux-64/esbuild-0.25.9-hfc2019e_0.conda
      - conda: https://conda.anaconda.org/conda-forge/linux-64/libgcc-15.1.0-h767d61c_4.conda
      - conda: https://conda.anaconda.org/conda-forge/linux-64/libgomp-15.1.0-h767d61c_4.conda
      - conda: https://conda.anaconda.org/conda-forge/linux-64/openssl-3.5.2-h26f9b46_0.conda
      - conda: https://conda.anaconda.org/conda-forge/linux-64/pandoc-3.6.3-ha770c72_0.conda
      - conda: https://conda.anaconda.org/conda-forge/linux-64/quarto-1.7.33-ha770c72_0.conda
      - conda: https://conda.anaconda.org/conda-forge/linux-64/typst-0.13.0-h53e704d_0.conda
packages:
- conda: https://conda.anaconda.org/conda-forge/linux-64/_libgcc_mutex-0.1-conda_forge.tar.bz2
  sha256: fe51de6107f9edc7aa4f786a70f4a883943bc9d39b3bb7307c04c41410990726
  md5: d7c89558ba9fa0495403155b64376d81
  license: None
  size: 2562
  timestamp: 1578324546067
- conda: https://conda.anaconda.org/conda-forge/linux-64/_openmp_mutex-4.5-2_gnu.tar.bz2
  build_number: 16
  sha256: fbe2c5e56a653bebb982eda4876a9178aedfc2b545f25d0ce9c4c0b508253d22
  md5: 73aaf86a425cc6e73fcf236a5a46396d
  depends:
  - _libgcc_mutex 0.1 conda_forge
  - libgomp >=7.5.0
  constrains:
  - openmp_impl 9999
  license: BSD-3-Clause
  license_family: BSD
  size: 23621
  timestamp: 1650670423406
- conda: https://conda.anaconda.org/conda-forge/noarch/ca-certificates-2025.8.3-hbd8a1cb_0.conda
  sha256: 837b795a2bb39b75694ba910c13c15fa4998d4bb2a622c214a6a5174b2ae53d1
  md5: 74784ee3d225fc3dca89edb635b4e5cc
  depends:
  - __unix
  license: ISC
  size: 154402
  timestamp: 1754210968730
- conda: https://conda.anaconda.org/conda-forge/linux-64/dart-sass-1.59.1-ha770c72_0.conda
  sha256: 5eae84d272c5706dd4a733a4a3912e6a1d9d02fcd53546b26c44d4f0f7f104bc
  md5: de2018928d25b2cf33d0634f908554ef
  license: MIT
  license_family: MIT
  size: 2970979
  timestamp: 1747420497129
- conda: https://conda.anaconda.org/conda-forge/linux-64/deno-1.46.3-hcab8b69_0.conda
  sha256: 704bb88a744aacab35c159929d6aee8216e7731e920f7d28254a721059dde4b1
  md5: f8410ffda105ab8d380990bbdf9f266f
  depends:
  - __glibc >=2.17,<3.0.a0
  - libgcc >=13
  constrains:
  - __glibc >=2.17
  license: MIT
  license_family: MIT
  size: 39585861
  timestamp: 1726025052074
- conda: https://conda.anaconda.org/conda-forge/linux-64/deno-dom-0.1.41-h4768de7_0.conda
  sha256: 2726829e1a6117dc9555a2088a4ebaa05035218b8791106f036ba73f15b1b13e
  md5: 89e80615c6b1b1ae4f5267bfc5fc7f66
  depends:
  - __glibc >=2.17,<3.0.a0
  - deno >=1.24.2
  constrains:
  - __glibc >=2.17
  license: MIT
  license_family: MIT
  size: 433150
  timestamp: 1736703310469
- conda: https://conda.anaconda.org/conda-forge/linux-64/esbuild-0.25.9-hfc2019e_0.conda
  sha256: d8916248880b129734357f76dc51a0a595a72b6d0d22d691250fe90d8094967a
  md5: 37dd55299d6c44d5ad79dce2386df011
  license: MIT
  license_family: MIT
  size: 4320313
  timestamp: 1755057047619
- conda: https://conda.anaconda.org/conda-forge/linux-64/libgcc-15.1.0-h767d61c_4.conda
  sha256: 144e35c1c2840f2dc202f6915fc41879c19eddbb8fa524e3ca4aa0d14018b26f
  md5: f406dcbb2e7bef90d793e50e79a2882b
  depends:
  - __glibc >=2.17,<3.0.a0
  - _openmp_mutex >=4.5
  constrains:
  - libgcc-ng ==15.1.0=*_4
  - libgomp 15.1.0 h767d61c_4
  license: GPL-3.0-only WITH GCC-exception-3.1
  license_family: GPL
  size: 824153
  timestamp: 1753903866511
- conda: https://conda.anaconda.org/conda-forge/linux-64/libgomp-15.1.0-h767d61c_4.conda
  sha256: e0487a8fec78802ac04da0ac1139c3510992bc58a58cde66619dde3b363c2933
  md5: 3baf8976c96134738bba224e9ef6b1e5
  depends:
  - __glibc >=2.17,<3.0.a0
  license: GPL-3.0-only WITH GCC-exception-3.1
  license_family: GPL
  size: 447289
  timestamp: 1753903801049
- conda: https://conda.anaconda.org/conda-forge/linux-64/openssl-3.5.2-h26f9b46_0.conda
  sha256: c9f54d4e8212f313be7b02eb962d0cb13a8dae015683a403d3accd4add3e520e
  md5: ffffb341206dd0dab0c36053c048d621
  depends:
  - __glibc >=2.17,<3.0.a0
  - ca-certificates
  - libgcc >=14
  license: Apache-2.0
  license_family: Apache
  size: 3128847
  timestamp: 1754465526100
- conda: https://conda.anaconda.org/conda-forge/linux-64/pandoc-3.6.3-ha770c72_0.conda
  sha256: a7392b0d5403676b0b3ab9ff09c1e65d8ab9e1c34349bba9be605d76cf622640
  md5: 16ff7c679250dc09f9732aab14408d2c
  license: GPL-2.0-or-later
  license_family: GPL
  size: 21334851
  timestamp: 1739197772385
- conda: https://conda.anaconda.org/conda-forge/linux-64/quarto-1.7.33-ha770c72_0.conda
  sha256: 86385aab764b05099f0ea8959510fb70a804cbe5c0294a6777d19f3b9c6aef2d
  md5: 0a7ad8dc3e969fb49e38074c93d3b5b8
  depends:
  - dart-sass
  - deno >=1.46.3,<1.46.4.0a0
  - deno-dom >=0.1.41,<0.1.42.0a0
  - esbuild
  - pandoc 3.6.3
  - typst 0.13.0
  license: MIT
  license_family: MIT
  size: 16561225
  timestamp: 1754537016289
- conda: https://conda.anaconda.org/conda-forge/linux-64/typst-0.13.0-h53e704d_0.conda
  sha256: 9e3a74bc40c6b488aae852c6ddc0001cd69617601c1495b83935a04a299e17b9
  md5: 7b875caf2669fa52b44de7e70a726fc4
  depends:
  - __glibc >=2.17,<3.0.a0
  - libgcc >=13
  - openssl >=3.4.1,<4.0a0
  constrains:
  - __glibc >=2.17
  license: Apache-2.0
  license_family: Apache
  size: 13182998
  timestamp: 1739976137636
